
Microsoft Visual Studio Solution File, Format Version 12.00
# Visual Studio Version 16
VisualStudioVersion = 16.0.30011.22
MinimumVisualStudioVersion = 10.0.40219.1
Project("{FAE04EC0-301F-11D3-BF4B-00C04F79EFBC}") = "FIPSshaCheck", "FIPSshaCheck\FIPSshaCheck.csproj", "{BFABC9A9-C519-4B96-A769-09AB777E33AB}"
EndProject
Global
	GlobalSection(SolutionConfigurationPlatforms) = preSolution
		Debug|Any CPU = Debug|Any CPU
		Release|Any CPU = Release|Any CPU
	EndGlobalSection
	GlobalSection(ProjectConfigurationPlatforms) = postSolution
		{BFABC9A9-C519-4B96-A769-09AB777E33AB}.Debug|Any CPU.ActiveCfg = Debug|Any CPU
		{BFABC9A9-C519-4B96-A769-09AB777E33AB}.Debug|Any CPU.Build.0 = Debug|Any CPU
		{BFABC9A9-C519-4B96-A769-09AB777E33AB}.Release|Any CPU.ActiveCfg = Release|Any CPU
		{BFABC9A9-C519-4B96-A769-09AB777E33AB}.Release|Any CPU.Build.0 = Release|Any CPU
	EndGlobalSection
	GlobalSection(SolutionProperties) = preSolution
		HideSolutionNode = FALSE
	EndGlobalSection
	GlobalSection(ExtensibilityGlobals) = postSolution
		SolutionGuid = {C5728AB6-1735-4357-AFD0-D3623361F856}
	EndGlobalSection
EndGlobal
